
Microsoft Visual Studio Solution File, Format Version 12.00
# Visual Studio Version 17
VisualStudioVersion = 17.6.33723.286
MinimumVisualStudioVersion = 10.0.40219.1
Project("{9A19103F-16F7-4668-BE54-9A1E7A4F7556}") = "FirmaSol", "Firma\FirmaSol.csproj", "{451F1360-D266-41D5-99B7-B1E01C685B84}"
EndProject
Global
	GlobalSection(SolutionConfigurationPlatforms) = preSolution
		Debug|Any CPU = Debug|Any CPU
		Release|Any CPU = Release|Any CPU
	EndGlobalSection
	GlobalSection(ProjectConfigurationPlatforms) = postSolution
		{451F1360-D266-41D5-99B7-B1E01C685B84}.Debug|Any CPU.ActiveCfg = Debug|Any CPU
		{451F1360-D266-41D5-99B7-B1E01C685B84}.Debug|Any CPU.Build.0 = Debug|Any CPU
		{451F1360-D266-41D5-99B7-B1E01C685B84}.Release|Any CPU.ActiveCfg = Release|Any CPU
		{451F1360-D266-41D5-99B7-B1E01C685B84}.Release|Any CPU.Build.0 = Release|Any CPU
	EndGlobalSection
	GlobalSection(SolutionProperties) = preSolution
		HideSolutionNode = FALSE
	EndGlobalSection
	GlobalSection(ExtensibilityGlobals) = postSolution
		SolutionGuid = {C7FC50A2-A160-4125-A3A7-D62CD1E4C00D}
	EndGlobalSection
EndGlobal
